// !$*UTF8*$!
{
	archiveVersion = 1;
	classes = {
	};
	objectVersion = 56;
	objects = {

/* Begin PBXBuildFile section */
		6747400D2C10B38900777339 /* AppDelegate.swift in Sources */ = {isa = PBXBuildFile; fileRef = 6747400C2C10B38900777339 /* AppDelegate.swift */; };
		6747400F2C10B38900777339 /* SceneDelegate.swift in Sources */ = {isa = PBXBuildFile; fileRef = 6747400E2C10B38900777339 /* SceneDelegate.swift */; };
		674740112C10B38900777339 /* ViewController.swift in Sources */ = {isa = PBXBuildFile; fileRef = 674740102C10B38900777339 /* ViewController.swift */; };
		674740142C10B38900777339 /* Main.storyboard in Resources */ = {isa = PBXBuildFile; fileRef = 674740122C10B38900777339 /* Main.storyboard */; };
		674740162C10B38B00777339 /* Assets.xcassets in Resources */ = {isa = PBXBuildFile; fileRef = 674740152C10B38B00777339 /* Assets.xcassets */; };
		674740192C10B38B00777339 /* LaunchScreen.storyboard in Resources */ = {isa = PBXBuildFile; fileRef = 674740172C10B38B00777339 /* LaunchScreen.storyboard */; };
		674740242C10B38B00777339 /* BLE_iOSTests.swift in Sources */ = {isa = PBXBuildFile; fileRef = 674740232C10B38B00777339 /* BLE_iOSTests.swift */; };
		6747402E2C10B38B00777339 /* BLE_iOSUITests.swift in Sources */ = {isa = PBXBuildFile; fileRef = 6747402D2C10B38B00777339 /* BLE_iOSUITests.swift */; };
		674740302C10B38B00777339 /* BLE_iOSUITestsLaunchTests.swift in Sources */ = {isa = PBXBuildFile; fileRef = 6747402F2C10B38B00777339 /* BLE_iOSUITestsLaunchTests.swift */; };
/* End PBXBuildFile section */

/* Begin PBXContainerItemProxy section */
		674740202C10B38B00777339 /* PBXContainerItemProxy */ = {
			isa = PBXContainerItemProxy;
			containerPortal = 674740012C10B38900777339 /* Project object */;
			proxyType = 1;
			remoteGlobalIDString = 674740082C10B38900777339;
			remoteInfo = BLE_iOS;
		};
		6747402A2C10B38B00777339 /* PBXContainerItemProxy */ = {
			isa = PBXContainerItemProxy;
			containerPortal = 674740012C10B38900777339 /* Project object */;
			proxyType = 1;
			remoteGlobalIDString = 674740082C10B38900777339;
			remoteInfo = BLE_iOS;
		};
/* End PBXContainerItemProxy section */

/* Begin PBXFileReference section */
		674740092C10B38900777339 /* BLE_iOS.app */ = {isa = PBXFileReference; explicitFileType = wrapper.application; includeInIndex = 0; path = BLE_iOS.app; sourceTree = BUILT_PRODUCTS_DIR; };
		6747400C2C10B38900777339 /* AppDelegate.swift */ = {isa = PBXFileReference; lastKnownFileType = sourcecode.swift; path = AppDelegate.swift; sourceTree = "<group>"; };
		6747400E2C10B38900777339 /* SceneDelegate.swift */ = {isa = PBXFileReference; lastKnownFileType = sourcecode.swift; path = SceneDelegate.swift; sourceTree = "<group>"; };
		674740102C10B38900777339 /* ViewController.swift */ = {isa = PBXFileReference; lastKnownFileType = sourcecode.swift; path = ViewController.swift; sourceTree = "<group>"; };
		674740132C10B38900777339 /* Base */ = {isa = PBXFileReference; lastKnownFileType = file.storyboard; name = Base; path = Base.lproj/Main.storyboard; sourceTree = "<group>"; };
		674740152C10B38B00777339 /* Assets.xcassets */ = {isa = PBXFileReference; lastKnownFileType = folder.assetcatalog; path = Assets.xcassets; sourceTree = "<group>"; };
		674740182C10B38B00777339 /* Base */ = {isa = PBXFileReference; lastKnownFileType = file.storyboard; name = Base; path = Base.lproj/LaunchScreen.storyboard; sourceTree = "<group>"; };
		6747401A2C10B38B00777339 /* Info.plist */ = {isa = PBXFileReference; lastKnownFileType = text.plist.xml; path = Info.plist; sourceTree = "<group>"; };
		6747401F2C10B38B00777339 /* BLE_iOSTests.xctest */ = {isa = PBXFileReference; explicitFileType = wrapper.cfbundle; includeInIndex = 0; path = BLE_iOSTests.xctest; sourceTree = BUILT_PRODUCTS_DIR; };
		674740232C10B38B00777339 /* BLE_iOSTests.swift */ = {isa = PBXFileReference; lastKnownFileType = sourcecode.swift; path = BLE_iOSTests.swift; sourceTree = "<group>"; };
		674740292C10B38B00777339 /* BLE_iOSUITests.xctest */ = {isa = PBXFileReference; explicitFileType = wrapper.cfbundle; includeInIndex = 0; path = BLE_iOSUITests.xctest; sourceTree = BUILT_PRODUCTS_DIR; };
		6747402D2C10B38B00777339 /* BLE_iOSUITests.swift */ = {isa = PBXFileReference; lastKnownFileType = sourcecode.swift; path = BLE_iOSUITests.swift; sourceTree = "<group>"; };
		6747402F2C10B38B00777339 /* BLE_iOSUITestsLaunchTests.swift */ = {isa = PBXFileReference; lastKnownFileType = sourcecode.swift; path = BLE_iOSUITestsLaunchTests.swift; sourceTree = "<group>"; };
/* End PBXFileReference section */

/* Begin PBXFrameworksBuildPhase section */
		674740062C10B38900777339 /* Frameworks */ = {
			isa = PBXFrameworksBuildPhase;
			buildActionMask = 2147483647;
			files = (
			);
			runOnlyForDeploymentPostprocessing = 0;
		};
		6747401C2C10B38B00777339 /* Frameworks */ = {
			isa = PBXFrameworksBuildPhase;
			buildActionMask = 2147483647;
			files = (
			);
			runOnlyForDeploymentPostprocessing = 0;
		};
		674740262C10B38B00777339 /* Frameworks */ = {
			isa = PBXFrameworksBuildPhase;
			buildActionMask = 2147483647;
			files = (
			);
			runOnlyForDeploymentPostprocessing = 0;
		};
/* End PBXFrameworksBuildPhase section */

/* Begin PBXGroup section */
		674740002C10B38900777339 = {
			isa = PBXGroup;
			children = (
				6747400B2C10B38900777339 /* BLE_iOS */,
				674740222C10B38B00777339 /* BLE_iOSTests */,
				6747402C2C10B38B00777339 /* BLE_iOSUITests */,
				6747400A2C10B38900777339 /* Products */,
			);
			sourceTree = "<group>";
		};
		6747400A2C10B38900777339 /* Products */ = {
			isa = PBXGroup;
			children = (
				674740092C10B38900777339 /* BLE_iOS.app */,
				6747401F2C10B38B00777339 /* BLE_iOSTests.xctest */,
				674740292C10B38B00777339 /* BLE_iOSUITests.xctest */,
			);
			name = Products;
			sourceTree = "<group>";
		};
		6747400B2C10B38900777339 /* BLE_iOS */ = {
			isa = PBXGroup;
			children = (
				6747400C2C10B38900777339 /* AppDelegate.swift */,
				6747400E2C10B38900777339 /* SceneDelegate.swift */,
				674740102C10B38900777339 /* ViewController.swift */,
				674740122C10B38900777339 /* Main.storyboard */,
				674740152C10B38B00777339 /* Assets.xcassets */,
				674740172C10B38B00777339 /* LaunchScreen.storyboard */,
				6747401A2C10B38B00777339 /* Info.plist */,
			);
			path = BLE_iOS;
			sourceTree = "<group>";
		};
		674740222C10B38B00777339 /* BLE_iOSTests */ = {
			isa = PBXGroup;
			children = (
				674740232C10B38B00777339 /* BLE_iOSTests.swift */,
			);
			path = BLE_iOSTests;
			sourceTree = "<group>";
		};
		6747402C2C10B38B00777339 /* BLE_iOSUITests */ = {
			isa = PBXGroup;
			children = (
				6747402D2C10B38B00777339 /* BLE_iOSUITests.swift */,
				6747402F2C10B38B00777339 /* BLE_iOSUITestsLaunchTests.swift */,
			);
			path = BLE_iOSUITests;
			sourceTree = "<group>";
		};
/* End PBXGroup section */

/* Begin PBXNativeTarget section */
		674740082C10B38900777339 /* BLE_iOS */ = {
			isa = PBXNativeTarget;
			buildConfigurationList = 674740332C10B38B00777339 /* Build configuration list for PBXNativeTarget "BLE_iOS" */;
			buildPhases = (
				674740052C10B38900777339 /* Sources */,
				674740062C10B38900777339 /* Frameworks */,
				674740072C10B38900777339 /* Resources */,
			);
			buildRules = (
			);
			dependencies = (
			);
			name = BLE_iOS;
			productName = BLE_iOS;
			productReference = 674740092C10B38900777339 /* BLE_iOS.app */;
			productType = "com.apple.product-type.application";
		};
		6747401E2C10B38B00777339 /* BLE_iOSTests */ = {
			isa = PBXNativeTarget;
			buildConfigurationList = 674740362C10B38B00777339 /* Build configuration list for PBXNativeTarget "BLE_iOSTests" */;
			buildPhases = (
				6747401B2C10B38B00777339 /* Sources */,
				6747401C2C10B38B00777339 /* Frameworks */,
				6747401D2C10B38B00777339 /* Resources */,
			);
			buildRules = (
			);
			dependencies = (
				674740212C10B38B00777339 /* PBXTargetDependency */,
			);
			name = BLE_iOSTests;
			productName = BLE_iOSTests;
			productReference = 6747401F2C10B38B00777339 /* BLE_iOSTests.xctest */;
			productType = "com.apple.product-type.bundle.unit-test";
		};
		674740282C10B38B00777339 /* BLE_iOSUITests */ = {
			isa = PBXNativeTarget;
			buildConfigurationList = 674740392C10B38B00777339 /* Build configuration list for PBXNativeTarget "BLE_iOSUITests" */;
			buildPhases = (
				674740252C10B38B00777339 /* Sources */,
				674740262C10B38B00777339 /* Frameworks */,
				674740272C10B38B00777339 /* Resources */,
			);
			buildRules = (
			);
			dependencies = (
				6747402B2C10B38B00777339 /* PBXTargetDependency */,
			);
			name = BLE_iOSUITests;
			productName = BLE_iOSUITests;
			productReference = 674740292C10B38B00777339 /* BLE_iOSUITests.xctest */;
			productType = "com.apple.product-type.bundle.ui-testing";
		};
/* End PBXNativeTarget section */

/* Begin PBXProject section */
		674740012C10B38900777339 /* Project object */ = {
			isa = PBXProject;
			attributes = {
				BuildIndependentTargetsInParallel = 1;
				LastSwiftUpdateCheck = 1520;
				LastUpgradeCheck = 1520;
				TargetAttributes = {
					674740082C10B38900777339 = {
						CreatedOnToolsVersion = 15.2;
					};
					6747401E2C10B38B00777339 = {
						CreatedOnToolsVersion = 15.2;
						TestTargetID = 674740082C10B38900777339;
					};
					674740282C10B38B00777339 = {
						CreatedOnToolsVersion = 15.2;
						TestTargetID = 674740082C10B38900777339;
					};
				};
			};
			buildConfigurationList = 674740042C10B38900777339 /* Build configuration list for PBXProject "BLE_iOS" */;
			compatibilityVersion = "Xcode 14.0";
			developmentRegion = en;
			hasScannedForEncodings = 0;
			knownRegions = (
				en,
				Base,
			);
			mainGroup = 674740002C10B38900777339;
			productRefGroup = 6747400A2C10B38900777339 /* Products */;
			projectDirPath = "";
			projectRoot = "";
			targets = (
				674740082C10B38900777339 /* BLE_iOS */,
				6747401E2C10B38B00777339 /* BLE_iOSTests */,
				674740282C10B38B00777339 /* BLE_iOSUITests */,
			);
		};
/* End PBXProject section */

/* Begin PBXResourcesBuildPhase section */
		674740072C10B38900777339 /* Resources */ = {
			isa = PBXResourcesBuildPhase;
			buildActionMask = 2147483647;
			files = (
				674740192C10B38B00777339 /* LaunchScreen.storyboard in Resources */,
				674740162C10B38B00777339 /* Assets.xcassets in Resources */,
				674740142C10B38900777339 /* Main.storyboard in Resources */,
			);
			runOnlyForDeploymentPostprocessing = 0;
		};
		6747401D2C10B38B00777339 /* Resources */ = {
			isa = PBXResourcesBuildPhase;
			buildActionMask = 2147483647;
			files = (
			);
			runOnlyForDeploymentPostprocessing = 0;
		};
		674740272C10B38B00777339 /* Resources */ = {
			isa = PBXResourcesBuildPhase;
			buildActionMask = 2147483647;
			files = (
			);
			runOnlyForDeploymentPostprocessing = 0;
		};
/* End PBXResourcesBuildPhase section */

/* Begin PBXSourcesBuildPhase section */
		674740052C10B38900777339 /* Sources */ = {
			isa = PBXSourcesBuildPhase;
			buildActionMask = 2147483647;
			files = (
				674740112C10B38900777339 /* ViewController.swift in Sources */,
				6747400D2C10B38900777339 /* AppDelegate.swift in Sources */,
				6747400F2C10B38900777339 /* SceneDelegate.swift in Sources */,
			);
			runOnlyForDeploymentPostprocessing = 0;
		};
		6747401B2C10B38B00777339 /* Sources */ = {
			isa = PBXSourcesBuildPhase;
			buildActionMask = 2147483647;
			files = (
				674740242C10B38B00777339 /* BLE_iOSTests.swift in Sources */,
			);
			runOnlyForDeploymentPostprocessing = 0;
		};
		674740252C10B38B00777339 /* Sources */ = {
			isa = PBXSourcesBuildPhase;
			buildActionMask = 2147483647;
			files = (
				674740302C10B38B00777339 /* BLE_iOSUITestsLaunchTests.swift in Sources */,
				6747402E2C10B38B00777339 /* BLE_iOSUITests.swift in Sources */,
			);
			runOnlyForDeploymentPostprocessing = 0;
		};
/* End PBXSourcesBuildPhase section */

/* Begin PBXTargetDependency section */
		674740212C10B38B00777339 /* PBXTargetDependency */ = {
			isa = PBXTargetDependency;
			target = 674740082C10B38900777339 /* BLE_iOS */;
			targetProxy = 674740202C10B38B00777339 /* PBXContainerItemProxy */;
		};
		6747402B2C10B38B00777339 /* PBXTargetDependency */ = {
			isa = PBXTargetDependency;
			target = 674740082C10B38900777339 /* BLE_iOS */;
			targetProxy = 6747402A2C10B38B00777339 /* PBXContainerItemProxy */;
		};
/* End PBXTargetDependency section */

/* Begin PBXVariantGroup section */
		674740122C10B38900777339 /* Main.storyboard */ = {
			isa = PBXVariantGroup;
			children = (
				674740132C10B38900777339 /* Base */,
			);
			name = Main.storyboard;
			sourceTree = "<group>";
		};
		674740172C10B38B00777339 /* LaunchScreen.storyboard */ = {
			isa = PBXVariantGroup;
			children = (
				674740182C10B38B00777339 /* Base */,
			);
			name = LaunchScreen.storyboard;
			sourceTree = "<group>";
		};
/* End PBXVariantGroup section */

/* Begin XCBuildConfiguration section */
		674740312C10B38B00777339 /* Debug */ = {
			isa = XCBuildConfiguration;
			buildSettings = {
				ALWAYS_SEARCH_USER_PATHS = NO;
				ASSETCATALOG_COMPILER_GENERATE_SWIFT_ASSET_SYMBOL_EXTENSIONS = YES;
				CLANG_ANALYZER_NONNULL = YES;
				CLANG_ANALYZER_NUMBER_OBJECT_CONVERSION = YES_AGGRESSIVE;
				CLANG_CXX_LANGUAGE_STANDARD = "gnu++20";
				CLANG_ENABLE_MODULES = YES;
				CLANG_ENABLE_OBJC_ARC = YES;
				CLANG_ENABLE_OBJC_WEAK = YES;
				CLANG_WARN_BLOCK_CAPTURE_AUTORELEASING = YES;
				CLANG_WARN_BOOL_CONVERSION = YES;
				CLANG_WARN_COMMA = YES;
				CLANG_WARN_CONSTANT_CONVERSION = YES;
				CLANG_WARN_DEPRECATED_OBJC_IMPLEMENTATIONS = YES;
				CLANG_WARN_DIRECT_OBJC_ISA_USAGE = YES_ERROR;
				CLANG_WARN_DOCUMENTATION_COMMENTS = YES;
				CLANG_WARN_EMPTY_BODY = YES;
				CLANG_WARN_ENUM_CONVERSION = YES;
				CLANG_WARN_INFINITE_RECURSION = YES;
				CLANG_WARN_INT_CONVERSION = YES;
				CLANG_WARN_NON_LITERAL_NULL_CONVERSION = YES;
				CLANG_WARN_OBJC_IMPLICIT_RETAIN_SELF = YES;
				CLANG_WARN_OBJC_LITERAL_CONVERSION = YES;
				CLANG_WARN_OBJC_ROOT_CLASS = YES_ERROR;
				CLANG_WARN_QUOTED_INCLUDE_IN_FRAMEWORK_HEADER = YES;
				CLANG_WARN_RANGE_LOOP_ANALYSIS = YES;
				CLANG_WARN_STRICT_PROTOTYPES = YES;
				CLANG_WARN_SUSPICIOUS_MOVE = YES;
				CLANG_WARN_UNGUARDED_AVAILABILITY = YES_AGGRESSIVE;
				CLANG_WARN_UNREACHABLE_CODE = YES;
				CLANG_WARN__DUPLICATE_METHOD_MATCH = YES;
				COPY_PHASE_STRIP = NO;
				DEBUG_INFORMATION_FORMAT = dwarf;
				ENABLE_STRICT_OBJC_MSGSEND = YES;
				ENABLE_TESTABILITY = YES;
				ENABLE_USER_SCRIPT_SANDBOXING = YES;
				GCC_C_LANGUAGE_STANDARD = gnu17;
				GCC_DYNAMIC_NO_PIC = NO;
				GCC_NO_COMMON_BLOCKS = YES;
				GCC_OPTIMIZATION_LEVEL = 0;
				GCC_PREPROCESSOR_DEFINITIONS = (
					"DEBUG=1",
					"$(inherited)",
				);
				GCC_WARN_64_TO_32_BIT_CONVERSION = YES;
				GCC_WARN_ABOUT_RETURN_TYPE = YES_ERROR;
				GCC_WARN_UNDECLARED_SELECTOR = YES;
				GCC_WARN_UNINITIALIZED_AUTOS = YES_AGGRESSIVE;
				GCC_WARN_UNUSED_FUNCTION = YES;
				GCC_WARN_UNUSED_VARIABLE = YES;
				IPHONEOS_DEPLOYMENT_TARGET = 17.2;
				LOCALIZATION_PREFERS_STRING_CATALOGS = YES;
				MTL_ENABLE_DEBUG_INFO = INCLUDE_SOURCE;
				MTL_FAST_MATH = YES;
				ONLY_ACTIVE_ARCH = YES;
				SDKROOT = iphoneos;
				SWIFT_ACTIVE_COMPILATION_CONDITIONS = "DEBUG $(inherited)";
				SWIFT_OPTIMIZATION_LEVEL = "-Onone";
			};
			name = Debug;
		};
		674740322C10B38B00777339 /* Release */ = {
			isa = XCBuildConfiguration;
			buildSettings = {
				ALWAYS_SEARCH_USER_PATHS = NO;
				ASSETCATALOG_COMPILER_GENERATE_SWIFT_ASSET_SYMBOL_EXTENSIONS = YES;
				CLANG_ANALYZER_NONNULL = YES;
				CLANG_ANALYZER_NUMBER_OBJECT_CONVERSION = YES_AGGRESSIVE;
				CLANG_CXX_LANGUAGE_STANDARD = "gnu++20";
				CLANG_ENABLE_MODULES = YES;
				CLANG_ENABLE_OBJC_ARC = YES;
				CLANG_ENABLE_OBJC_WEAK = YES;
				CLANG_WARN_BLOCK_CAPTURE_AUTORELEASING = YES;
				CLANG_WARN_BOOL_CONVERSION = YES;
				CLANG_WARN_COMMA = YES;
				CLANG_WARN_CONSTANT_CONVERSION = YES;
				CLANG_WARN_DEPRECATED_OBJC_IMPLEMENTATIONS = YES;
				CLANG_WARN_DIRECT_OBJC_ISA_USAGE = YES_ERROR;
				CLANG_WARN_DOCUMENTATION_COMMENTS = YES;
				CLANG_WARN_EMPTY_BODY = YES;
				CLANG_WARN_ENUM_CONVERSION = YES;
				CLANG_WARN_INFINITE_RECURSION = YES;
				CLANG_WARN_INT_CONVERSION = YES;
				CLANG_WARN_NON_LITERAL_NULL_CONVERSION = YES;
				CLANG_WARN_OBJC_IMPLICIT_RETAIN_SELF = YES;
				CLANG_WARN_OBJC_LITERAL_CONVERSION = YES;
				CLANG_WARN_OBJC_ROOT_CLASS = YES_ERROR;
				CLANG_WARN_QUOTED_INCLUDE_IN_FRAMEWORK_HEADER = YES;
				CLANG_WARN_RANGE_LOOP_ANALYSIS = YES;
				CLANG_WARN_STRICT_PROTOTYPES = YES;
				CLANG_WARN_SUSPICIOUS_MOVE = YES;
				CLANG_WARN_UNGUARDED_AVAILABILITY = YES_AGGRESSIVE;
				CLANG_WARN_UNREACHABLE_CODE = YES;
				CLANG_WARN__DUPLICATE_METHOD_MATCH = YES;
				COPY_PHASE_STRIP = NO;
				DEBUG_INFORMATION_FORMAT = "dwarf-with-dsym";
				ENABLE_NS_ASSERTIONS = NO;
				ENABLE_STRICT_OBJC_MSGSEND = YES;
				ENABLE_USER_SCRIPT_SANDBOXING = YES;
				GCC_C_LANGUAGE_STANDARD = gnu17;
				GCC_NO_COMMON_BLOCKS = YES;
				GCC_WARN_64_TO_32_BIT_CONVERSION = YES;
				GCC_WARN_ABOUT_RETURN_TYPE = YES_ERROR;
				GCC_WARN_UNDECLARED_SELECTOR = YES;
				GCC_WARN_UNINITIALIZED_AUTOS = YES_AGGRESSIVE;
				GCC_WARN_UNUSED_FUNCTION = YES;
				GCC_WARN_UNUSED_VARIABLE = YES;
				IPHONEOS_DEPLOYMENT_TARGET = 17.2;
				LOCALIZATION_PREFERS_STRING_CATALOGS = YES;
				MTL_ENABLE_DEBUG_INFO = NO;
				MTL_FAST_MATH = YES;
				SDKROOT = iphoneos;
				SWIFT_COMPILATION_MODE = wholemodule;
				VALIDATE_PRODUCT = YES;
			};
			name = Release;
		};
		674740342C10B38B00777339 /* Debug */ = {
			isa = XCBuildConfiguration;
			buildSettings = {
				ASSETCATALOG_COMPILER_APPICON_NAME = AppIcon;
				ASSETCATALOG_COMPILER_GLOBAL_ACCENT_COLOR_NAME = AccentColor;
				CODE_SIGN_STYLE = Automatic;
				CURRENT_PROJECT_VERSION = 1;
				DEVELOPMENT_TEAM = 8G9QJBS8AT;
				GENERATE_INFOPLIST_FILE = YES;
				INFOPLIST_FILE = BLE_iOS/Info.plist;
				INFOPLIST_KEY_UIApplicationSupportsIndirectInputEvents = YES;
				INFOPLIST_KEY_UILaunchStoryboardName = LaunchScreen;
				INFOPLIST_KEY_UIMainStoryboardFile = Main;
				INFOPLIST_KEY_UISupportedInterfaceOrientations_iPad = "UIInterfaceOrientationPortrait UIInterfaceOrientationPortraitUpsideDown UIInterfaceOrientationLandscapeLeft UIInterfaceOrientationLandscapeRight";
				INFOPLIST_KEY_UISupportedInterfaceOrientations_iPhone = "UIInterfaceOrientationPortrait UIInterfaceOrientationLandscapeLeft UIInterfaceOrientationLandscapeRight";
				LD_RUNPATH_SEARCH_PATHS = (
					"$(inherited)",
					"@executable_path/Frameworks",
				);
				MARKETING_VERSION = 1.0;
				PRODUCT_BUNDLE_IDENTIFIER = "jooeunKim.BLE-iOS";
				PRODUCT_NAME = "$(TARGET_NAME)";
				SWIFT_EMIT_LOC_STRINGS = YES;
				SWIFT_VERSION = 5.0;
				TARGETED_DEVICE_FAMILY = "1,2";
			};
			name = Debug;
		};
		674740352C10B38B00777339 /* Release */ = {
			isa = XCBuildConfiguration;
			buildSettings = {
				ASSETCATALOG_COMPILER_APPICON_NAME = AppIcon;
				ASSETCATALOG_COMPILER_GLOBAL_ACCENT_COLOR_NAME = AccentColor;
				CODE_SIGN_STYLE = Automatic;
				CURRENT_PROJECT_VERSION = 1;
				DEVELOPMENT_TEAM = 8G9QJBS8AT;
				GENERATE_INFOPLIST_FILE = YES;
				INFOPLIST_FILE = BLE_iOS/Info.plist;
				INFOPLIST_KEY_UIApplicationSupportsIndirectInputEvents = YES;
				INFOPLIST_KEY_UILaunchStoryboardName = LaunchScreen;
				INFOPLIST_KEY_UIMainStoryboardFile = Main;
				INFOPLIST_KEY_UISupportedInterfaceOrientations_iPad = "UIInterfaceOrientationPortrait UIInterfaceOrientationPortraitUpsideDown UIInterfaceOrientationLandscapeLeft UIInterfaceOrientationLandscapeRight";
				INFOPLIST_KEY_UISupportedInterfaceOrientations_iPhone = "UIInterfaceOrientationPortrait UIInterfaceOrientationLandscapeLeft UIInterfaceOrientationLandscapeRight";
				LD_RUNPATH_SEARCH_PATHS = (
					"$(inherited)",
					"@executable_path/Frameworks",
				);
				MARKETING_VERSION = 1.0;
				PRODUCT_BUNDLE_IDENTIFIER = "jooeunKim.BLE-iOS";
				PRODUCT_NAME = "$(TARGET_NAME)";
				SWIFT_EMIT_LOC_STRINGS = YES;
				SWIFT_VERSION = 5.0;
				TARGETED_DEVICE_FAMILY = "1,2";
			};
			name = Release;
		};
		674740372C10B38B00777339 /* Debug */ = {
			isa = XCBuildConfiguration;
			buildSettings = {
				ALWAYS_EMBED_SWIFT_STANDARD_LIBRARIES = YES;
				BUNDLE_LOADER = "$(TEST_HOST)";
				CODE_SIGN_STYLE = Automatic;
				CURRENT_PROJECT_VERSION = 1;
				DEVELOPMENT_TEAM = 8G9QJBS8AT;
				GENERATE_INFOPLIST_FILE = YES;
				IPHONEOS_DEPLOYMENT_TARGET = 17.2;
				MARKETING_VERSION = 1.0;
				PRODUCT_BUNDLE_IDENTIFIER = "jooeunKim.BLE-iOSTests";
				PRODUCT_NAME = "$(TARGET_NAME)";
				SWIFT_EMIT_LOC_STRINGS = NO;
				SWIFT_VERSION = 5.0;
				TARGETED_DEVICE_FAMILY = "1,2";
				TEST_HOST = "$(BUILT_PRODUCTS_DIR)/BLE_iOS.app/$(BUNDLE_EXECUTABLE_FOLDER_PATH)/BLE_iOS";
			};
			name = Debug;
		};
		674740382C10B38B00777339 /* Release */ = {
			isa = XCBuildConfiguration;
			buildSettings = {
				ALWAYS_EMBED_SWIFT_STANDARD_LIBRARIES = YES;
				BUNDLE_LOADER = "$(TEST_HOST)";
				CODE_SIGN_STYLE = Automatic;
				CURRENT_PROJECT_VERSION = 1;
				DEVELOPMENT_TEAM = 8G9QJBS8AT;
				GENERATE_INFOPLIST_FILE = YES;
				IPHONEOS_DEPLOYMENT_TARGET = 17.2;
				MARKETING_VERSION = 1.0;
				PRODUCT_BUNDLE_IDENTIFIER = "jooeunKim.BLE-iOSTests";
				PRODUCT_NAME = "$(TARGET_NAME)";
				SWIFT_EMIT_LOC_STRINGS = NO;
				SWIFT_VERSION = 5.0;
				TARGETED_DEVICE_FAMILY = "1,2";
				TEST_HOST = "$(BUILT_PRODUCTS_DIR)/BLE_iOS.app/$(BUNDLE_EXECUTABLE_FOLDER_PATH)/BLE_iOS";
			};
			name = Release;
		};
		6747403A2C10B38B00777339 /* Debug */ = {
			isa = XCBuildConfiguration;
			buildSettings = {
				ALWAYS_EMBED_SWIFT_STANDARD_LIBRARIES = YES;
				CODE_SIGN_STYLE = Automatic;
				CURRENT_PROJECT_VERSION = 1;
				DEVELOPMENT_TEAM = 8G9QJBS8AT;
				GENERATE_INFOPLIST_FILE = YES;
				MARKETING_VERSION = 1.0;
				PRODUCT_BUNDLE_IDENTIFIER = "jooeunKim.BLE-iOSUITests";
				PRODUCT_NAME = "$(TARGET_NAME)";
				SWIFT_EMIT_LOC_STRINGS = NO;
				SWIFT_VERSION = 5.0;
				TARGETED_DEVICE_FAMILY = "1,2";
				TEST_TARGET_NAME = BLE_iOS;
			};
			name = Debug;
		};
		6747403B2C10B38B00777339 /* Release */ = {
			isa = XCBuildConfiguration;
			buildSettings = {
				ALWAYS_EMBED_SWIFT_STANDARD_LIBRARIES = YES;
				CODE_SIGN_STYLE = Automatic;
				CURRENT_PROJECT_VERSION = 1;
				DEVELOPMENT_TEAM = 8G9QJBS8AT;
				GENERATE_INFOPLIST_FILE = YES;
				MARKETING_VERSION = 1.0;
				PRODUCT_BUNDLE_IDENTIFIER = "jooeunKim.BLE-iOSUITests";
				PRODUCT_NAME = "$(TARGET_NAME)";
				SWIFT_EMIT_LOC_STRINGS = NO;
				SWIFT_VERSION = 5.0;
				TARGETED_DEVICE_FAMILY = "1,2";
				TEST_TARGET_NAME = BLE_iOS;
			};
			name = Release;
		};
/* End XCBuildConfiguration section */

/* Begin XCConfigurationList section */
		674740042C10B38900777339 /* Build configuration list for PBXProject "BLE_iOS" */ = {
			isa = XCConfigurationList;
			buildConfigurations = (
				674740312C10B38B00777339 /* Debug */,
				674740322C10B38B00777339 /* Release */,
			);
			defaultConfigurationIsVisible = 0;
			defaultConfigurationName = Release;
		};
		674740332C10B38B00777339 /* Build configuration list for PBXNativeTarget "BLE_iOS" */ = {
			isa = XCConfigurationList;
			buildConfigurations = (
				674740342C10B38B00777339 /* Debug */,
				674740352C10B38B00777339 /* Release */,
			);
			defaultConfigurationIsVisible = 0;
			defaultConfigurationName = Release;
		};
		674740362C10B38B00777339 /* Build configuration list for PBXNativeTarget "BLE_iOSTests" */ = {
			isa = XCConfigurationList;
			buildConfigurations = (
				674740372C10B38B00777339 /* Debug */,
				674740382C10B38B00777339 /* Release */,
			);
			defaultConfigurationIsVisible = 0;
			defaultConfigurationName = Release;
		};
		674740392C10B38B00777339 /* Build configuration list for PBXNativeTarget "BLE_iOSUITests" */ = {
			isa = XCConfigurationList;
			buildConfigurations = (
				6747403A2C10B38B00777339 /* Debug */,
				6747403B2C10B38B00777339 /* Release */,
			);
			defaultConfigurationIsVisible = 0;
			defaultConfigurationName = Release;
		};
/* End XCConfigurationList section */
	};
	rootObject = 674740012C10B38900777339 /* Project object */;
}
